// !$*UTF8*$!
{
	archiveVersion = 1;
	classes = {
	};
	objectVersion = 56;
	objects = {

/* Begin PBXBuildFile section */
		093E31512A2CEF230085D136 /* LoginController.swift in Sources */ = {isa = PBXBuildFile; fileRef = 093E31502A2CEF230085D136 /* LoginController.swift */; };
		093E31532A2CEF940085D136 /* RegistrationController.swift in Sources */ = {isa = PBXBuildFile; fileRef = 093E31522A2CEF940085D136 /* RegistrationController.swift */; };
		093E31552A2CF50A0085D136 /* Utilities.swift in Sources */ = {isa = PBXBuildFile; fileRef = 093E31542A2CF50A0085D136 /* Utilities.swift */; };
		093E31572A2D8C680085D136 /* GoogleService-Info.plist in Resources */ = {isa = PBXBuildFile; fileRef = 093E31562A2D8C680085D136 /* GoogleService-Info.plist */; };
		093E31592A2D94AD0085D136 /* Constants.swift in Sources */ = {isa = PBXBuildFile; fileRef = 093E31582A2D94AD0085D136 /* Constants.swift */; };
		093E315B2A30453B0085D136 /* AuthService.swift in Sources */ = {isa = PBXBuildFile; fileRef = 093E315A2A30453B0085D136 /* AuthService.swift */; };
		09A5A34B2A2824C0005EE085 /* AppDelegate.swift in Sources */ = {isa = PBXBuildFile; fileRef = 09A5A34A2A2824C0005EE085 /* AppDelegate.swift */; };
		09A5A34D2A2824C0005EE085 /* SceneDelegate.swift in Sources */ = {isa = PBXBuildFile; fileRef = 09A5A34C2A2824C0005EE085 /* SceneDelegate.swift */; };
		09A5A3522A2824C0005EE085 /* Main.storyboard in Resources */ = {isa = PBXBuildFile; fileRef = 09A5A3502A2824C0005EE085 /* Main.storyboard */; };
		09A5A3542A2824C1005EE085 /* Assets.xcassets in Resources */ = {isa = PBXBuildFile; fileRef = 09A5A3532A2824C1005EE085 /* Assets.xcassets */; };
		09A5A3572A2824C1005EE085 /* LaunchScreen.storyboard in Resources */ = {isa = PBXBuildFile; fileRef = 09A5A3552A2824C1005EE085 /* LaunchScreen.storyboard */; };
		09A5A3652A282656005EE085 /* MainTabBarViewController.swift in Sources */ = {isa = PBXBuildFile; fileRef = 09A5A3642A282656005EE085 /* MainTabBarViewController.swift */; };
		09A5A3672A28274B005EE085 /* FeedController.swift in Sources */ = {isa = PBXBuildFile; fileRef = 09A5A3662A28274B005EE085 /* FeedController.swift */; };
		09A5A3692A282793005EE085 /* ExploreController.swift in Sources */ = {isa = PBXBuildFile; fileRef = 09A5A3682A282793005EE085 /* ExploreController.swift */; };
		09A5A36B2A2827A6005EE085 /* NotificationsController.swift in Sources */ = {isa = PBXBuildFile; fileRef = 09A5A36A2A2827A6005EE085 /* NotificationsController.swift */; };
		09A5A36D2A2827B2005EE085 /* ConversationsController.swift in Sources */ = {isa = PBXBuildFile; fileRef = 09A5A36C2A2827B2005EE085 /* ConversationsController.swift */; };
		09A5A36F2A28302D005EE085 /* Extensions.swift in Sources */ = {isa = PBXBuildFile; fileRef = 09A5A36E2A28302D005EE085 /* Extensions.swift */; };
		439BDF653AA54E067F21BF1E /* Pods_twitter_clone.framework in Frameworks */ = {isa = PBXBuildFile; fileRef = 5301F71FD600BBAEE218BE63 /* Pods_twitter_clone.framework */; };
/* End PBXBuildFile section */

/* Begin PBXFileReference section */
		093E31502A2CEF230085D136 /* LoginController.swift */ = {isa = PBXFileReference; lastKnownFileType = sourcecode.swift; path = LoginController.swift; sourceTree = "<group>"; };
		093E31522A2CEF940085D136 /* RegistrationController.swift */ = {isa = PBXFileReference; lastKnownFileType = sourcecode.swift; path = RegistrationController.swift; sourceTree = "<group>"; };
		093E31542A2CF50A0085D136 /* Utilities.swift */ = {isa = PBXFileReference; lastKnownFileType = sourcecode.swift; path = Utilities.swift; sourceTree = "<group>"; };
		093E31562A2D8C680085D136 /* GoogleService-Info.plist */ = {isa = PBXFileReference; fileEncoding = 4; lastKnownFileType = text.plist.xml; path = "GoogleService-Info.plist"; sourceTree = "<group>"; };
		093E31582A2D94AD0085D136 /* Constants.swift */ = {isa = PBXFileReference; lastKnownFileType = sourcecode.swift; path = Constants.swift; sourceTree = "<group>"; };
		093E315A2A30453B0085D136 /* AuthService.swift */ = {isa = PBXFileReference; lastKnownFileType = sourcecode.swift; path = AuthService.swift; sourceTree = "<group>"; };
		09A5A3472A2824C0005EE085 /* twitter-clone.app */ = {isa = PBXFileReference; explicitFileType = wrapper.application; includeInIndex = 0; path = "twitter-clone.app"; sourceTree = BUILT_PRODUCTS_DIR; };
		09A5A34A2A2824C0005EE085 /* AppDelegate.swift */ = {isa = PBXFileReference; lastKnownFileType = sourcecode.swift; path = AppDelegate.swift; sourceTree = "<group>"; };
		09A5A34C2A2824C0005EE085 /* SceneDelegate.swift */ = {isa = PBXFileReference; lastKnownFileType = sourcecode.swift; path = SceneDelegate.swift; sourceTree = "<group>"; };
		09A5A3512A2824C0005EE085 /* Base */ = {isa = PBXFileReference; lastKnownFileType = file.storyboard; name = Base; path = Base.lproj/Main.storyboard; sourceTree = "<group>"; };
		09A5A3532A2824C1005EE085 /* Assets.xcassets */ = {isa = PBXFileReference; lastKnownFileType = folder.assetcatalog; path = Assets.xcassets; sourceTree = "<group>"; };
		09A5A3562A2824C1005EE085 /* Base */ = {isa = PBXFileReference; lastKnownFileType = file.storyboard; name = Base; path = Base.lproj/LaunchScreen.storyboard; sourceTree = "<group>"; };
		09A5A3582A2824C1005EE085 /* Info.plist */ = {isa = PBXFileReference; lastKnownFileType = text.plist.xml; path = Info.plist; sourceTree = "<group>"; };
		09A5A3642A282656005EE085 /* MainTabBarViewController.swift */ = {isa = PBXFileReference; lastKnownFileType = sourcecode.swift; path = MainTabBarViewController.swift; sourceTree = "<group>"; };
		09A5A3662A28274B005EE085 /* FeedController.swift */ = {isa = PBXFileReference; lastKnownFileType = sourcecode.swift; path = FeedController.swift; sourceTree = "<group>"; };
		09A5A3682A282793005EE085 /* ExploreController.swift */ = {isa = PBXFileReference; lastKnownFileType = sourcecode.swift; path = ExploreController.swift; sourceTree = "<group>"; };
		09A5A36A2A2827A6005EE085 /* NotificationsController.swift */ = {isa = PBXFileReference; lastKnownFileType = sourcecode.swift; path = NotificationsController.swift; sourceTree = "<group>"; };
		09A5A36C2A2827B2005EE085 /* ConversationsController.swift */ = {isa = PBXFileReference; lastKnownFileType = sourcecode.swift; path = ConversationsController.swift; sourceTree = "<group>"; };
		09A5A36E2A28302D005EE085 /* Extensions.swift */ = {isa = PBXFileReference; lastKnownFileType = sourcecode.swift; path = Extensions.swift; sourceTree = "<group>"; };
		29D89EB6A4F6199C6571C3EF /* Pods-twitter-clone.debug.xcconfig */ = {isa = PBXFileReference; includeInIndex = 1; lastKnownFileType = text.xcconfig; name = "Pods-twitter-clone.debug.xcconfig"; path = "Target Support Files/Pods-twitter-clone/Pods-twitter-clone.debug.xcconfig"; sourceTree = "<group>"; };
		5301F71FD600BBAEE218BE63 /* Pods_twitter_clone.framework */ = {isa = PBXFileReference; explicitFileType = wrapper.framework; includeInIndex = 0; path = Pods_twitter_clone.framework; sourceTree = BUILT_PRODUCTS_DIR; };
		EF347AC5F2EAD679946D650B /* Pods-twitter-clone.release.xcconfig */ = {isa = PBXFileReference; includeInIndex = 1; lastKnownFileType = text.xcconfig; name = "Pods-twitter-clone.release.xcconfig"; path = "Target Support Files/Pods-twitter-clone/Pods-twitter-clone.release.xcconfig"; sourceTree = "<group>"; };
/* End PBXFileReference section */

/* Begin PBXFrameworksBuildPhase section */
		09A5A3442A2824C0005EE085 /* Frameworks */ = {
			isa = PBXFrameworksBuildPhase;
			buildActionMask = 2147483647;
			files = (
				439BDF653AA54E067F21BF1E /* Pods_twitter_clone.framework in Frameworks */,
			);
			runOnlyForDeploymentPostprocessing = 0;
		};
/* End PBXFrameworksBuildPhase section */

/* Begin PBXGroup section */
		04B2DD2D8CF27E0CE5AAD8FF /* Pods */ = {
			isa = PBXGroup;
			children = (
				29D89EB6A4F6199C6571C3EF /* Pods-twitter-clone.debug.xcconfig */,
				EF347AC5F2EAD679946D650B /* Pods-twitter-clone.release.xcconfig */,
			);
			path = Pods;
			sourceTree = "<group>";
		};
		093E314F2A2CEF0D0085D136 /* Authentication */ = {
			isa = PBXGroup;
			children = (
				093E31502A2CEF230085D136 /* LoginController.swift */,
				093E31522A2CEF940085D136 /* RegistrationController.swift */,
			);
			path = Authentication;
			sourceTree = "<group>";
		};
		09A5A33E2A2824C0005EE085 = {
			isa = PBXGroup;
			children = (
				09A5A3492A2824C0005EE085 /* twitter-clone */,
				09A5A3482A2824C0005EE085 /* Products */,
				04B2DD2D8CF27E0CE5AAD8FF /* Pods */,
				322FF2303C7580573A503528 /* Frameworks */,
			);
			sourceTree = "<group>";
		};
		09A5A3482A2824C0005EE085 /* Products */ = {
			isa = PBXGroup;
			children = (
				09A5A3472A2824C0005EE085 /* twitter-clone.app */,
			);
			name = Products;
			sourceTree = "<group>";
		};
		09A5A3492A2824C0005EE085 /* twitter-clone */ = {
			isa = PBXGroup;
			children = (
				09A5A3632A2825DC005EE085 /* Model */,
				09A5A3622A2825DA005EE085 /* View */,
				09A5A3612A2825D7005EE085 /* ViewModel */,
				09A5A3602A2825D5005EE085 /* Controller */,
				09A5A35F2A2825D2005EE085 /* API */,
				09A5A35E2A2825CF005EE085 /* Utils */,
				09A5A34A2A2824C0005EE085 /* AppDelegate.swift */,
				09A5A34C2A2824C0005EE085 /* SceneDelegate.swift */,
				09A5A3502A2824C0005EE085 /* Main.storyboard */,
				09A5A3532A2824C1005EE085 /* Assets.xcassets */,
				09A5A3552A2824C1005EE085 /* LaunchScreen.storyboard */,
				09A5A3582A2824C1005EE085 /* Info.plist */,
				093E31562A2D8C680085D136 /* GoogleService-Info.plist */,
			);
			path = "twitter-clone";
			sourceTree = "<group>";
		};
		09A5A35E2A2825CF005EE085 /* Utils */ = {
			isa = PBXGroup;
			children = (
				09A5A36E2A28302D005EE085 /* Extensions.swift */,
				093E31542A2CF50A0085D136 /* Utilities.swift */,
				093E31582A2D94AD0085D136 /* Constants.swift */,
			);
			path = Utils;
			sourceTree = "<group>";
		};
		09A5A35F2A2825D2005EE085 /* API */ = {
			isa = PBXGroup;
			children = (
				093E315A2A30453B0085D136 /* AuthService.swift */,
			);
			path = API;
			sourceTree = "<group>";
		};
		09A5A3602A2825D5005EE085 /* Controller */ = {
			isa = PBXGroup;
			children = (
				093E314F2A2CEF0D0085D136 /* Authentication */,
				09A5A3642A282656005EE085 /* MainTabBarViewController.swift */,
				09A5A3662A28274B005EE085 /* FeedController.swift */,
				09A5A3682A282793005EE085 /* ExploreController.swift */,
				09A5A36A2A2827A6005EE085 /* NotificationsController.swift */,
				09A5A36C2A2827B2005EE085 /* ConversationsController.swift */,
			);
			path = Controller;
			sourceTree = "<group>";
		};
		09A5A3612A2825D7005EE085 /* ViewModel */ = {
			isa = PBXGroup;
			children = (
			);
			path = ViewModel;
			sourceTree = "<group>";
		};
		09A5A3622A2825DA005EE085 /* View */ = {
			isa = PBXGroup;
			children = (
			);
			path = View;
			sourceTree = "<group>";
		};
		09A5A3632A2825DC005EE085 /* Model */ = {
			isa = PBXGroup;
			children = (
			);
			path = Model;
			sourceTree = "<group>";
		};
		322FF2303C7580573A503528 /* Frameworks */ = {
			isa = PBXGroup;
			children = (
				5301F71FD600BBAEE218BE63 /* Pods_twitter_clone.framework */,
			);
			name = Frameworks;
			sourceTree = "<group>";
		};
/* End PBXGroup section */

/* Begin PBXNativeTarget section */
		09A5A3462A2824C0005EE085 /* twitter-clone */ = {
			isa = PBXNativeTarget;
			buildConfigurationList = 09A5A35B2A2824C1005EE085 /* Build configuration list for PBXNativeTarget "twitter-clone" */;
			buildPhases = (
				B8EF41CB3E60EE22147739DF /* [CP] Check Pods Manifest.lock */,
				09A5A3432A2824C0005EE085 /* Sources */,
				09A5A3442A2824C0005EE085 /* Frameworks */,
				09A5A3452A2824C0005EE085 /* Resources */,
				2620AA552D3B7F59E377F118 /* [CP] Embed Pods Frameworks */,
			);
			buildRules = (
			);
			dependencies = (
			);
			name = "twitter-clone";
			productName = "twitter-clone";
			productReference = 09A5A3472A2824C0005EE085 /* twitter-clone.app */;
			productType = "com.apple.product-type.application";
		};
/* End PBXNativeTarget section */

/* Begin PBXProject section */
		09A5A33F2A2824C0005EE085 /* Project object */ = {
			isa = PBXProject;
			attributes = {
				BuildIndependentTargetsInParallel = 1;
				LastSwiftUpdateCheck = 1430;
				LastUpgradeCheck = 1430;
				TargetAttributes = {
					09A5A3462A2824C0005EE085 = {
						CreatedOnToolsVersion = 14.3;
					};
				};
			};
			buildConfigurationList = 09A5A3422A2824C0005EE085 /* Build configuration list for PBXProject "twitter-clone" */;
			compatibilityVersion = "Xcode 14.0";
			developmentRegion = en;
			hasScannedForEncodings = 0;
			knownRegions = (
				en,
				Base,
			);
			mainGroup = 09A5A33E2A2824C0005EE085;
			productRefGroup = 09A5A3482A2824C0005EE085 /* Products */;
			projectDirPath = "";
			projectRoot = "";
			targets = (
				09A5A3462A2824C0005EE085 /* twitter-clone */,
			);
		};
/* End PBXProject section */

/* Begin PBXResourcesBuildPhase section */
		09A5A3452A2824C0005EE085 /* Resources */ = {
			isa = PBXResourcesBuildPhase;
			buildActionMask = 2147483647;
			files = (
				09A5A3572A2824C1005EE085 /* LaunchScreen.storyboard in Resources */,
				093E31572A2D8C680085D136 /* GoogleService-Info.plist in Resources */,
				09A5A3542A2824C1005EE085 /* Assets.xcassets in Resources */,
				09A5A3522A2824C0005EE085 /* Main.storyboard in Resources */,
			);
			runOnlyForDeploymentPostprocessing = 0;
		};
/* End PBXResourcesBuildPhase section */

/* Begin PBXShellScriptBuildPhase section */
		2620AA552D3B7F59E377F118 /* [CP] Embed Pods Frameworks */ = {
			isa = PBXShellScriptBuildPhase;
			buildActionMask = 2147483647;
			files = (
			);
			inputFileListPaths = (
				"${PODS_ROOT}/Target Support Files/Pods-twitter-clone/Pods-twitter-clone-frameworks-${CONFIGURATION}-input-files.xcfilelist",
			);
			name = "[CP] Embed Pods Frameworks";
			outputFileListPaths = (
				"${PODS_ROOT}/Target Support Files/Pods-twitter-clone/Pods-twitter-clone-frameworks-${CONFIGURATION}-output-files.xcfilelist",
			);
			runOnlyForDeploymentPostprocessing = 0;
			shellPath = /bin/sh;
			shellScript = "\"${PODS_ROOT}/Target Support Files/Pods-twitter-clone/Pods-twitter-clone-frameworks.sh\"\n";
			showEnvVarsInLog = 0;
		};
		B8EF41CB3E60EE22147739DF /* [CP] Check Pods Manifest.lock */ = {
			isa = PBXShellScriptBuildPhase;
			buildActionMask = 2147483647;
			files = (
			);
			inputFileListPaths = (
			);
			inputPaths = (
				"${PODS_PODFILE_DIR_PATH}/Podfile.lock",
				"${PODS_ROOT}/Manifest.lock",
			);
			name = "[CP] Check Pods Manifest.lock";
			outputFileListPaths = (
			);
			outputPaths = (
				"$(DERIVED_FILE_DIR)/Pods-twitter-clone-checkManifestLockResult.txt",
			);
			runOnlyForDeploymentPostprocessing = 0;
			shellPath = /bin/sh;
			shellScript = "diff \"${PODS_PODFILE_DIR_PATH}/Podfile.lock\" \"${PODS_ROOT}/Manifest.lock\" > /dev/null\nif [ $? != 0 ] ; then\n    # print error to STDERR\n    echo \"error: The sandbox is not in sync with the Podfile.lock. Run 'pod install' or update your CocoaPods installation.\" >&2\n    exit 1\nfi\n# This output is used by Xcode 'outputs' to avoid re-running this script phase.\necho \"SUCCESS\" > \"${SCRIPT_OUTPUT_FILE_0}\"\n";
			showEnvVarsInLog = 0;
		};
/* End PBXShellScriptBuildPhase section */

/* Begin PBXSourcesBuildPhase section */
		09A5A3432A2824C0005EE085 /* Sources */ = {
			isa = PBXSourcesBuildPhase;
			buildActionMask = 2147483647;
			files = (
				09A5A36B2A2827A6005EE085 /* NotificationsController.swift in Sources */,
				09A5A36D2A2827B2005EE085 /* ConversationsController.swift in Sources */,
				093E31552A2CF50A0085D136 /* Utilities.swift in Sources */,
				09A5A3652A282656005EE085 /* MainTabBarViewController.swift in Sources */,
				09A5A36F2A28302D005EE085 /* Extensions.swift in Sources */,
				093E31512A2CEF230085D136 /* LoginController.swift in Sources */,
				093E315B2A30453B0085D136 /* AuthService.swift in Sources */,
				09A5A3692A282793005EE085 /* ExploreController.swift in Sources */,
				09A5A34B2A2824C0005EE085 /* AppDelegate.swift in Sources */,
				09A5A34D2A2824C0005EE085 /* SceneDelegate.swift in Sources */,
				093E31532A2CEF940085D136 /* RegistrationController.swift in Sources */,
				09A5A3672A28274B005EE085 /* FeedController.swift in Sources */,
				093E31592A2D94AD0085D136 /* Constants.swift in Sources */,
			);
			runOnlyForDeploymentPostprocessing = 0;
		};
/* End PBXSourcesBuildPhase section */

/* Begin PBXVariantGroup section */
		09A5A3502A2824C0005EE085 /* Main.storyboard */ = {
			isa = PBXVariantGroup;
			children = (
				09A5A3512A2824C0005EE085 /* Base */,
			);
			name = Main.storyboard;
			sourceTree = "<group>";
		};
		09A5A3552A2824C1005EE085 /* LaunchScreen.storyboard */ = {
			isa = PBXVariantGroup;
			children = (
				09A5A3562A2824C1005EE085 /* Base */,
			);
			name = LaunchScreen.storyboard;
			sourceTree = "<group>";
		};
/* End PBXVariantGroup section */

/* Begin XCBuildConfiguration section */
		09A5A3592A2824C1005EE085 /* Debug */ = {
			isa = XCBuildConfiguration;
			buildSettings = {
				ALWAYS_SEARCH_USER_PATHS = NO;
				CLANG_ANALYZER_NONNULL = YES;
				CLANG_ANALYZER_NUMBER_OBJECT_CONVERSION = YES_AGGRESSIVE;
				CLANG_CXX_LANGUAGE_STANDARD = "gnu++20";
				CLANG_ENABLE_MODULES = YES;
				CLANG_ENABLE_OBJC_ARC = YES;
				CLANG_ENABLE_OBJC_WEAK = YES;
				CLANG_WARN_BLOCK_CAPTURE_AUTORELEASING = YES;
				CLANG_WARN_BOOL_CONVERSION = YES;
				CLANG_WARN_COMMA = YES;
				CLANG_WARN_CONSTANT_CONVERSION = YES;
				CLANG_WARN_DEPRECATED_OBJC_IMPLEMENTATIONS = YES;
				CLANG_WARN_DIRECT_OBJC_ISA_USAGE = YES_ERROR;
				CLANG_WARN_DOCUMENTATION_COMMENTS = YES;
				CLANG_WARN_EMPTY_BODY = YES;
				CLANG_WARN_ENUM_CONVERSION = YES;
				CLANG_WARN_INFINITE_RECURSION = YES;
				CLANG_WARN_INT_CONVERSION = YES;
				CLANG_WARN_NON_LITERAL_NULL_CONVERSION = YES;
				CLANG_WARN_OBJC_IMPLICIT_RETAIN_SELF = YES;
				CLANG_WARN_OBJC_LITERAL_CONVERSION = YES;
				CLANG_WARN_OBJC_ROOT_CLASS = YES_ERROR;
				CLANG_WARN_QUOTED_INCLUDE_IN_FRAMEWORK_HEADER = YES;
				CLANG_WARN_RANGE_LOOP_ANALYSIS = YES;
				CLANG_WARN_STRICT_PROTOTYPES = YES;
				CLANG_WARN_SUSPICIOUS_MOVE = YES;
				CLANG_WARN_UNGUARDED_AVAILABILITY = YES_AGGRESSIVE;
				CLANG_WARN_UNREACHABLE_CODE = YES;
				CLANG_WARN__DUPLICATE_METHOD_MATCH = YES;
				COPY_PHASE_STRIP = NO;
				DEBUG_INFORMATION_FORMAT = dwarf;
				ENABLE_STRICT_OBJC_MSGSEND = YES;
				ENABLE_TESTABILITY = YES;
				GCC_C_LANGUAGE_STANDARD = gnu11;
				GCC_DYNAMIC_NO_PIC = NO;
				GCC_NO_COMMON_BLOCKS = YES;
				GCC_OPTIMIZATION_LEVEL = 0;
				GCC_PREPROCESSOR_DEFINITIONS = (
					"DEBUG=1",
					"$(inherited)",
				);
				GCC_WARN_64_TO_32_BIT_CONVERSION = YES;
				GCC_WARN_ABOUT_RETURN_TYPE = YES_ERROR;
				GCC_WARN_UNDECLARED_SELECTOR = YES;
				GCC_WARN_UNINITIALIZED_AUTOS = YES_AGGRESSIVE;
				GCC_WARN_UNUSED_FUNCTION = YES;
				GCC_WARN_UNUSED_VARIABLE = YES;
				IPHONEOS_DEPLOYMENT_TARGET = 16.4;
				MTL_ENABLE_DEBUG_INFO = INCLUDE_SOURCE;
				MTL_FAST_MATH = YES;
				ONLY_ACTIVE_ARCH = YES;
				SDKROOT = iphoneos;
				SWIFT_ACTIVE_COMPILATION_CONDITIONS = DEBUG;
				SWIFT_OPTIMIZATION_LEVEL = "-Onone";
			};
			name = Debug;
		};
		09A5A35A2A2824C1005EE085 /* Release */ = {
			isa = XCBuildConfiguration;
			buildSettings = {
				ALWAYS_SEARCH_USER_PATHS = NO;
				CLANG_ANALYZER_NONNULL = YES;
				CLANG_ANALYZER_NUMBER_OBJECT_CONVERSION = YES_AGGRESSIVE;
				CLANG_CXX_LANGUAGE_STANDARD = "gnu++20";
				CLANG_ENABLE_MODULES = YES;
				CLANG_ENABLE_OBJC_ARC = YES;
				CLANG_ENABLE_OBJC_WEAK = YES;
				CLANG_WARN_BLOCK_CAPTURE_AUTORELEASING = YES;
				CLANG_WARN_BOOL_CONVERSION = YES;
				CLANG_WARN_COMMA = YES;
				CLANG_WARN_CONSTANT_CONVERSION = YES;
				CLANG_WARN_DEPRECATED_OBJC_IMPLEMENTATIONS = YES;
				CLANG_WARN_DIRECT_OBJC_ISA_USAGE = YES_ERROR;
				CLANG_WARN_DOCUMENTATION_COMMENTS = YES;
				CLANG_WARN_EMPTY_BODY = YES;
				CLANG_WARN_ENUM_CONVERSION = YES;
				CLANG_WARN_INFINITE_RECURSION = YES;
				CLANG_WARN_INT_CONVERSION = YES;
				CLANG_WARN_NON_LITERAL_NULL_CONVERSION = YES;
				CLANG_WARN_OBJC_IMPLICIT_RETAIN_SELF = YES;
				CLANG_WARN_OBJC_LITERAL_CONVERSION = YES;
				CLANG_WARN_OBJC_ROOT_CLASS = YES_ERROR;
				CLANG_WARN_QUOTED_INCLUDE_IN_FRAMEWORK_HEADER = YES;
				CLANG_WARN_RANGE_LOOP_ANALYSIS = YES;
				CLANG_WARN_STRICT_PROTOTYPES = YES;
				CLANG_WARN_SUSPICIOUS_MOVE = YES;
				CLANG_WARN_UNGUARDED_AVAILABILITY = YES_AGGRESSIVE;
				CLANG_WARN_UNREACHABLE_CODE = YES;
				CLANG_WARN__DUPLICATE_METHOD_MATCH = YES;
				COPY_PHASE_STRIP = NO;
				DEBUG_INFORMATION_FORMAT = "dwarf-with-dsym";
				ENABLE_NS_ASSERTIONS = NO;
				ENABLE_STRICT_OBJC_MSGSEND = YES;
				GCC_C_LANGUAGE_STANDARD = gnu11;
				GCC_NO_COMMON_BLOCKS = YES;
				GCC_WARN_64_TO_32_BIT_CONVERSION = YES;
				GCC_WARN_ABOUT_RETURN_TYPE = YES_ERROR;
				GCC_WARN_UNDECLARED_SELECTOR = YES;
				GCC_WARN_UNINITIALIZED_AUTOS = YES_AGGRESSIVE;
				GCC_WARN_UNUSED_FUNCTION = YES;
				GCC_WARN_UNUSED_VARIABLE = YES;
				IPHONEOS_DEPLOYMENT_TARGET = 16.4;
				MTL_ENABLE_DEBUG_INFO = NO;
				MTL_FAST_MATH = YES;
				SDKROOT = iphoneos;
				SWIFT_COMPILATION_MODE = wholemodule;
				SWIFT_OPTIMIZATION_LEVEL = "-O";
				VALIDATE_PRODUCT = YES;
			};
			name = Release;
		};
		09A5A35C2A2824C1005EE085 /* Debug */ = {
			isa = XCBuildConfiguration;
			baseConfigurationReference = 29D89EB6A4F6199C6571C3EF /* Pods-twitter-clone.debug.xcconfig */;
			buildSettings = {
				ASSETCATALOG_COMPILER_APPICON_NAME = AppIcon;
				ASSETCATALOG_COMPILER_GLOBAL_ACCENT_COLOR_NAME = AccentColor;
				CODE_SIGN_STYLE = Automatic;
				CURRENT_PROJECT_VERSION = 1;
				DEVELOPMENT_TEAM = NARK27PTY8;
				GENERATE_INFOPLIST_FILE = YES;
				INFOPLIST_FILE = "twitter-clone/Info.plist";
				INFOPLIST_KEY_UIApplicationSupportsIndirectInputEvents = YES;
				INFOPLIST_KEY_UILaunchStoryboardName = LaunchScreen;
				INFOPLIST_KEY_UIMainStoryboardFile = Main;
				INFOPLIST_KEY_UISupportedInterfaceOrientations_iPad = "UIInterfaceOrientationPortrait UIInterfaceOrientationPortraitUpsideDown UIInterfaceOrientationLandscapeLeft UIInterfaceOrientationLandscapeRight";
				INFOPLIST_KEY_UISupportedInterfaceOrientations_iPhone = "UIInterfaceOrientationPortrait UIInterfaceOrientationLandscapeLeft UIInterfaceOrientationLandscapeRight";
				LD_RUNPATH_SEARCH_PATHS = (
					"$(inherited)",
					"@executable_path/Frameworks",
				);
				MARKETING_VERSION = 1.0;
				PRODUCT_BUNDLE_IDENTIFIER = "io.kwebdev.twitter-clone";
				PRODUCT_NAME = "$(TARGET_NAME)";
				SWIFT_EMIT_LOC_STRINGS = YES;
				SWIFT_VERSION = 5.0;
				TARGETED_DEVICE_FAMILY = "1,2";
			};
			name = Debug;
		};
		09A5A35D2A2824C1005EE085 /* Release */ = {
			isa = XCBuildConfiguration;
			baseConfigurationReference = EF347AC5F2EAD679946D650B /* Pods-twitter-clone.release.xcconfig */;
			buildSettings = {
				ASSETCATALOG_COMPILER_APPICON_NAME = AppIcon;
				ASSETCATALOG_COMPILER_GLOBAL_ACCENT_COLOR_NAME = AccentColor;
				CODE_SIGN_STYLE = Automatic;
				CURRENT_PROJECT_VERSION = 1;
				DEVELOPMENT_TEAM = NARK27PTY8;
				GENERATE_INFOPLIST_FILE = YES;
				INFOPLIST_FILE = "twitter-clone/Info.plist";
				INFOPLIST_KEY_UIApplicationSupportsIndirectInputEvents = YES;
				INFOPLIST_KEY_UILaunchStoryboardName = LaunchScreen;
				INFOPLIST_KEY_UIMainStoryboardFile = Main;
				INFOPLIST_KEY_UISupportedInterfaceOrientations_iPad = "UIInterfaceOrientationPortrait UIInterfaceOrientationPortraitUpsideDown UIInterfaceOrientationLandscapeLeft UIInterfaceOrientationLandscapeRight";
				INFOPLIST_KEY_UISupportedInterfaceOrientations_iPhone = "UIInterfaceOrientationPortrait UIInterfaceOrientationLandscapeLeft UIInterfaceOrientationLandscapeRight";
				LD_RUNPATH_SEARCH_PATHS = (
					"$(inherited)",
					"@executable_path/Frameworks",
				);
				MARKETING_VERSION = 1.0;
				PRODUCT_BUNDLE_IDENTIFIER = "io.kwebdev.twitter-clone";
				PRODUCT_NAME = "$(TARGET_NAME)";
				SWIFT_EMIT_LOC_STRINGS = YES;
				SWIFT_VERSION = 5.0;
				TARGETED_DEVICE_FAMILY = "1,2";
			};
			name = Release;
		};
/* End XCBuildConfiguration section */

/* Begin XCConfigurationList section */
		09A5A3422A2824C0005EE085 /* Build configuration list for PBXProject "twitter-clone" */ = {
			isa = XCConfigurationList;
			buildConfigurations = (
				09A5A3592A2824C1005EE085 /* Debug */,
				09A5A35A2A2824C1005EE085 /* Release */,
			);
			defaultConfigurationIsVisible = 0;
			defaultConfigurationName = Release;
		};
		09A5A35B2A2824C1005EE085 /* Build configuration list for PBXNativeTarget "twitter-clone" */ = {
			isa = XCConfigurationList;
			buildConfigurations = (
				09A5A35C2A2824C1005EE085 /* Debug */,
				09A5A35D2A2824C1005EE085 /* Release */,
			);
			defaultConfigurationIsVisible = 0;
			defaultConfigurationName = Release;
		};
/* End XCConfigurationList section */
	};
	rootObject = 09A5A33F2A2824C0005EE085 /* Project object */;
}
